{
  "name": "bialu-discord-security",
  "version": "1.3.3",
  "lockfileVersion": 2,
  "requires": true,
  "packages": {
    "": {
      "name": "bialu-discord-security",
      "version": "1.3.3",
      "license": "ISC",
      "dependencies": {
        "npmview": "^0.0.4",
        "semver": "^7.3.5"
      },
      "devDependencies": {
        "@types/node": "^17.0.21"
      }
    },
    "node_modules/@types/node": {
      "version": "17.0.21",
      "resolved": "https://registry.npmjs.org/@types/node/-/node-17.0.21.tgz",
      "integrity": "sha512-DBZCJbhII3r90XbQxI8Y9IjjiiOGlZ0Hr32omXIZvwwZ7p4DMMXGrKXVyPfuoBOri9XNtL0UK69jYIBIsRX3QQ==",
      "dev": true
    },
    "node_modules/async-err": {
      "version": "0.0.2",
      "resolved": "https://registry.npmjs.org/async-err/-/async-err-0.0.2.tgz",
      "integrity": "sha1-JUa8q7CVSg+GaO/GS6jLybEM2/s=",
      "dependencies": {
        "debug": "0.7.4",
        "is2": "0.0.12"
      }
    },
    "node_modules/debug": {
      "version": "0.7.4",
      "resolved": "https://registry.npmjs.org/debug/-/debug-0.7.4.tgz",
      "integrity": "sha1-BuHqgILCyxTjmAbiLi9vdX+Srzk=",
      "engines": {
        "node": "*"
      }
    },
    "node_modules/deep-is": {
      "version": "0.1.2",
      "resolved": "https://registry.npmjs.org/deep-is/-/deep-is-0.1.2.tgz",
      "integrity": "sha1-nO1l6gvAsJ9CptecGxkD+dkTzBg="
    },
    "node_modules/have": {
      "version": "0.2.3",
      "resolved": "https://registry.npmjs.org/have/-/have-0.2.3.tgz",
      "integrity": "sha1-iFgJ/FdV910SCFj7w3C4MB1BmlU="
    },
    "node_modules/is2": {
      "version": "0.0.12",
      "resolved": "https://registry.npmjs.org/is2/-/is2-0.0.12.tgz",
      "integrity": "sha1-zriH9RakgtAn53EP21fA/9kp8Nc=",
      "dependencies": {
        "deep-is": "0.1.2"
      },
      "engines": {
        "node": ">=v0.6.0"
      }
    },
    "node_modules/lru-cache": {
      "version": "6.0.0",
      "resolved": "https://registry.npmjs.org/lru-cache/-/lru-cache-6.0.0.tgz",
      "integrity": "sha512-Jo6dJ04CmSjuznwJSS3pUeWmd/H0ffTlkXXgwZi+eq1UCmqQwCh+eLsYOYCwY991i2Fah4h1BEMCx4qThGbsiA==",
      "dependencies": {
        "yallist": "^4.0.0"
      },
      "engines": {
        "node": ">=10"
      }
    },
    "node_modules/npm": {
      "version": "1.3.26",
      "resolved": "https://registry.npmjs.org/npm/-/npm-1.3.26.tgz",
      "integrity": "sha1-vAe/fLWHEAeBQciFwtSS/VcPYG0=",
      "bundleDependencies": [
        "semver",
        "ini",
        "slide",
        "abbrev",
        "graceful-fs",
        "minimatch",
        "nopt",
        "rimraf",
        "request",
        "which",
        "tar",
        "fstream",
        "block-stream",
        "inherits",
        "mkdirp",
        "read",
        "lru-cache",
        "node-gyp",
        "fstream-npm",
        "uid-number",
        "archy",
        "chownr",
        "npmlog",
        "ansi",
        "npm-registry-client",
        "read-package-json",
        "read-installed",
        "glob",
        "init-package-json",
        "osenv",
        "lockfile",
        "retry",
        "once",
        "npmconf",
        "opener",
        "chmodr",
        "cmd-shim",
        "sha",
        "child-process-close",
        "editor",
        "npm-user-validate",
        "github-url-from-git",
        "github-url-from-username-repo",
        "normalize-package-data",
        "text-table",
        "ansicolors",
        "ansistyles",
        "path-is-inside",
        "columnify"
      ],
      "dependencies": {
        "abbrev": "~1.0.4",
        "ansi": "~0.2.1",
        "ansicolors": "~0.3.2",
        "ansistyles": "~0.1.3",
        "archy": "0",
        "block-stream": "0.0.7",
        "child-process-close": "~0.1.1",
        "chmodr": "~0.1.0",
        "chownr": "0",
        "cmd-shim": "~1.1.1",
        "columnify": "0.1.2",
        "editor": "0.0.5",
        "fstream": "~0.1.25",
        "fstream-npm": "~0.1.6",
        "github-url-from-git": "1.1.1",
        "github-url-from-username-repo": "0.0.2",
        "glob": "~3.2.6",
        "graceful-fs": "~2.0.0",
        "ini": "~1.1.0",
        "init-package-json": "0.0.14",
        "lockfile": "~0.4.0",
        "lru-cache": "~2.5.0",
        "minimatch": "~0.2.14",
        "mkdirp": "~0.3.5",
        "node-gyp": "~0.12.2",
        "nopt": "~2.1.2",
        "npm-registry-client": "~0.3.5",
        "npm-user-validate": "0.0.3",
        "npmconf": "~0.1.12",
        "npmlog": "0.0.6",
        "once": "~1.3.0",
        "opener": "~1.3.0",
        "osenv": "0",
        "path-is-inside": "~1.0.0",
        "read": "~1.0.4",
        "read-installed": "~0.2.2",
        "read-package-json": "~1.1.6",
        "request": "~2.30.0",
        "retry": "~0.6.0",
        "rimraf": "~2.2.5",
        "semver": "~2.2.1",
        "sha": "~1.2.1",
        "slide": "~1.1.5",
        "tar": "~0.1.19",
        "text-table": "~0.2.0",
        "uid-number": "0",
        "which": "1"
      },
      "bin": {
        "npm": "bin/npm-cli.js"
      },
      "engines": {
        "node": ">=0.6",
        "npm": "1"
      }
    },
    "node_modules/npm/node_modules/abbrev": {
      "version": "1.0.4",
      "inBundle": true,
      "license": "MIT"
    },
    "node_modules/npm/node_modules/ansi": {
      "version": "0.2.1",
      "inBundle": true,
      "bin": {
        "beep": "examples/beep/index.js",
        "clear": "examples/clear/index.js",
        "starwars": "examples/starwars.js"
      },
      "engines": {
        "node": "*"
      }
    },
    "node_modules/npm/node_modules/ansicolors": {
      "version": "0.3.2",
      "inBundle": true,
      "license": "MIT"
    },
    "node_modules/npm/node_modules/ansistyles": {
      "version": "0.1.3",
      "inBundle": true,
      "license": "MIT"
    },
    "node_modules/npm/node_modules/archy": {
      "version": "0.0.2",
      "inBundle": true,
      "license": "MIT/X11",
      "engines": {
        "node": "*"
      }
    },
    "node_modules/npm/node_modules/block-stream": {
      "version": "0.0.7",
      "inBundle": true,
      "license": "BSD",
      "dependencies": {
        "inherits": "~2.0.0"
      },
      "engines": {
        "node": "0.4 || >=0.5.8"
      }
    },
    "node_modules/npm/node_modules/child-process-close": {
      "version": "0.1.1",
      "inBundle": true,
      "license": "MIT"
    },
    "node_modules/npm/node_modules/chmodr": {
      "version": "0.1.0",
      "inBundle": true,
      "license": "BSD"
    },
    "node_modules/npm/node_modules/chownr": {
      "version": "0.0.1",
      "inBundle": true,
      "license": "BSD",
      "engines": {
        "node": "*"
      }
    },
    "node_modules/npm/node_modules/cmd-shim": {
      "version": "1.1.1",
      "inBundle": true,
      "license": "BSD",
      "dependencies": {
        "mkdirp": "~0.3.3"
      },
      "optionalDependencies": {
        "graceful-fs": "2"
      }
    },
    "node_modules/npm/node_modules/columnify": {
      "version": "0.1.2",
      "inBundle": true,
      "license": "MIT"
    },
    "node_modules/npm/node_modules/editor": {
      "version": "0.0.5",
      "inBundle": true,
      "license": "MIT"
    },
    "node_modules/npm/node_modules/fstream": {
      "version": "0.1.25",
      "inBundle": true,
      "license": "BSD",
      "dependencies": {
        "graceful-fs": "~2.0.0",
        "inherits": "~2.0.0",
        "mkdirp": "0.3",
        "rimraf": "2"
      },
      "engines": {
        "node": ">=0.6"
      }
    },
    "node_modules/npm/node_modules/fstream-npm": {
      "version": "0.1.6",
      "inBundle": true,
      "license": "BSD",
      "dependencies": {
        "fstream-ignore": "~0.0.5",
        "inherits": "2"
      }
    },
    "node_modules/npm/node_modules/fstream-npm/node_modules/fstream-ignore": {
      "version": "0.0.7",
      "inBundle": true,
      "license": "BSD",
      "dependencies": {
        "fstream": "~0.1.17",
        "inherits": "2",
        "minimatch": "~0.2.0"
      }
    },
    "node_modules/npm/node_modules/github-url-from-git": {
      "version": "1.1.1",
      "inBundle": true,
      "license": "MIT"
    },
    "node_modules/npm/node_modules/github-url-from-username-repo": {
      "version": "0.0.2",
      "inBundle": true,
      "license": "BSD-2-Clause"
    },
    "node_modules/npm/node_modules/glob": {
      "version": "3.2.7",
      "inBundle": true,
      "license": "BSD",
      "dependencies": {
        "inherits": "2",
        "minimatch": "~0.2.11"
      },
      "engines": {
        "node": "*"
      }
    },
    "node_modules/npm/node_modules/graceful-fs": {
      "version": "2.0.1",
      "inBundle": true,
      "license": "BSD",
      "engines": {
        "node": ">=0.4.0"
      }
    },
    "node_modules/npm/node_modules/inherits": {
      "version": "2.0.1",
      "inBundle": true,
      "license": "ISC"
    },
    "node_modules/npm/node_modules/ini": {
      "version": "1.1.0",
      "inBundle": true,
      "engines": {
        "node": "*"
      }
    },
    "node_modules/npm/node_modules/init-package-json": {
      "version": "0.0.14",
      "inBundle": true,
      "license": "BSD",
      "dependencies": {
        "glob": "~3.2.7",
        "promzard": "~0.2.0",
        "read": "~1.0.1",
        "read-package-json": "1",
        "semver": "2.x"
      }
    },
    "node_modules/npm/node_modules/init-package-json/node_modules/promzard": {
      "version": "0.2.1",
      "inBundle": true,
      "license": "ISC",
      "dependencies": {
        "read": "1"
      }
    },
    "node_modules/npm/node_modules/lockfile": {
      "version": "0.4.2",
      "inBundle": true,
      "license": "BSD"
    },
    "node_modules/npm/node_modules/lru-cache": {
      "version": "2.5.0",
      "inBundle": true,
      "license": "MIT"
    },
    "node_modules/npm/node_modules/minimatch": {
      "version": "0.2.14",
      "inBundle": true,
      "license": "MIT",
      "dependencies": {
        "lru-cache": "2",
        "sigmund": "~1.0.0"
      },
      "engines": {
        "node": "*"
      }
    },
    "node_modules/npm/node_modules/minimatch/node_modules/sigmund": {
      "version": "1.0.0",
      "inBundle": true,
      "license": "BSD"
    },
    "node_modules/npm/node_modules/mkdirp": {
      "version": "0.3.5",
      "inBundle": true,
      "license": "MIT"
    },
    "node_modules/npm/node_modules/node-gyp": {
      "version": "0.12.2",
      "inBundle": true,
      "dependencies": {
        "fstream": "0",
        "glob": "3",
        "graceful-fs": "2",
        "minimatch": "0",
        "mkdirp": "0",
        "nopt": "2",
        "npmlog": "0",
        "osenv": "0",
        "request": "2",
        "rimraf": "2",
        "semver": "~2.2.1",
        "tar": "0",
        "which": "1"
      },
      "bin": {
        "node-gyp": "bin/node-gyp.js"
      },
      "engines": {
        "node": ">= 0.8.0"
      }
    },
    "node_modules/npm/node_modules/nopt": {
      "version": "2.1.2",
      "inBundle": true,
      "license": "MIT",
      "dependencies": {
        "abbrev": "1"
      },
      "bin": {
        "nopt": "bin/nopt.js"
      }
    },
    "node_modules/npm/node_modules/npm-registry-client": {
      "version": "0.3.5",
      "inBundle": true,
      "license": "BSD",
      "dependencies": {
        "chownr": "0",
        "couch-login": "~0.1.18",
        "graceful-fs": "~2.0.0",
        "mkdirp": "~0.3.3",
        "request": "2 >=2.25.0",
        "retry": "0.6.0",
        "rimraf": "~2",
        "semver": "^2.2.1",
        "slide": "~1.1.3"
      },
      "optionalDependencies": {
        "npmlog": ""
      }
    },
    "node_modules/npm/node_modules/npm-registry-client/node_modules/couch-login": {
      "version": "0.1.20",
      "inBundle": true,
      "license": "ISC",
      "dependencies": {
        "request": "2 >=2.25.0"
      }
    },
    "node_modules/npm/node_modules/npm-user-validate": {
      "version": "0.0.3",
      "inBundle": true,
      "license": "BSD"
    },
    "node_modules/npm/node_modules/npmconf": {
      "version": "0.1.12",
      "inBundle": true,
      "license": "BSD",
      "dependencies": {
        "config-chain": "~1.1.8",
        "inherits": "~2.0.0",
        "ini": "~1.1.0",
        "mkdirp": "~0.3.3",
        "nopt": "2",
        "once": "~1.3.0",
        "osenv": "0.0.3",
        "semver": "2"
      }
    },
    "node_modules/npm/node_modules/npmconf/node_modules/config-chain": {
      "version": "1.1.8",
      "inBundle": true,
      "dependencies": {
        "ini": "1",
        "proto-list": "~1.2.1"
      }
    },
    "node_modules/npm/node_modules/npmconf/node_modules/config-chain/node_modules/proto-list": {
      "version": "1.2.2",
      "inBundle": true,
      "license": "MIT"
    },
    "node_modules/npm/node_modules/npmlog": {
      "version": "0.0.6",
      "inBundle": true,
      "license": "BSD",
      "dependencies": {
        "ansi": "~0.2.1"
      }
    },
    "node_modules/npm/node_modules/once": {
      "version": "1.3.0",
      "inBundle": true,
      "license": "BSD"
    },
    "node_modules/npm/node_modules/opener": {
      "version": "1.3.0",
      "inBundle": true,
      "license": "WTFPL",
      "bin": {
        "opener": "opener.js"
      }
    },
    "node_modules/npm/node_modules/osenv": {
      "version": "0.0.3",
      "inBundle": true,
      "license": "BSD"
    },
    "node_modules/npm/node_modules/path-is-inside": {
      "version": "1.0.0",
      "inBundle": true,
      "license": "WTFPL"
    },
    "node_modules/npm/node_modules/read": {
      "version": "1.0.5",
      "inBundle": true,
      "license": "BSD",
      "dependencies": {
        "mute-stream": "~0.0.4"
      },
      "engines": {
        "node": ">=0.8"
      }
    },
    "node_modules/npm/node_modules/read-installed": {
      "version": "0.2.5",
      "inBundle": true,
      "license": "ISC",
      "dependencies": {
        "read-package-json": "1",
        "semver": "2",
        "slide": "~1.1.3"
      },
      "optionalDependencies": {
        "graceful-fs": "~2"
      }
    },
    "node_modules/npm/node_modules/read-package-json": {
      "version": "1.1.6",
      "inBundle": true,
      "license": "ISC",
      "dependencies": {
        "glob": "~3.2.1",
        "lru-cache": "2",
        "normalize-package-data": "~0.2.7"
      },
      "optionalDependencies": {
        "graceful-fs": "2"
      }
    },
    "node_modules/npm/node_modules/read-package-json/node_modules/normalize-package-data": {
      "version": "0.2.8",
      "inBundle": true,
      "dependencies": {
        "github-url-from-git": "~1.1.1",
        "github-url-from-username-repo": "0.0.2",
        "semver": "2"
      }
    },
    "node_modules/npm/node_modules/read/node_modules/mute-stream": {
      "version": "0.0.4",
      "inBundle": true,
      "license": "BSD"
    },
    "node_modules/npm/node_modules/request": {
      "version": "2.30.0",
      "engines": [
        "node >= 0.8.0"
      ],
      "inBundle": true,
      "dependencies": {
        "forever-agent": "~0.5.0",
        "json-stringify-safe": "~5.0.0",
        "mime": "~1.2.9",
        "node-uuid": "~1.4.0",
        "qs": "~0.6.0"
      },
      "optionalDependencies": {
        "aws-sign2": "~0.5.0",
        "form-data": "~0.1.0",
        "hawk": "~1.0.0",
        "http-signature": "~0.10.0",
        "oauth-sign": "~0.3.0",
        "tough-cookie": "~0.9.15",
        "tunnel-agent": "~0.3.0"
      }
    },
    "node_modules/npm/node_modules/request/node_modules/aws-sign2": {
      "version": "0.5.0",
      "inBundle": true,
      "optional": true,
      "engines": {
        "node": "*"
      }
    },
    "node_modules/npm/node_modules/request/node_modules/forever-agent": {
      "version": "0.5.0",
      "inBundle": true,
      "engines": {
        "node": "*"
      }
    },
    "node_modules/npm/node_modules/request/node_modules/form-data": {
      "version": "0.1.2",
      "inBundle": true,
      "optional": true,
      "dependencies": {
        "async": "~0.2.9",
        "combined-stream": "~0.0.4",
        "mime": "~1.2.11"
      },
      "engines": {
        "node": ">= 0.6"
      }
    },
    "node_modules/npm/node_modules/request/node_modules/form-data/node_modules/async": {
      "version": "0.2.9",
      "inBundle": true,
      "optional": true
    },
    "node_modules/npm/node_modules/request/node_modules/form-data/node_modules/combined-stream": {
      "version": "0.0.4",
      "inBundle": true,
      "optional": true,
      "dependencies": {
        "delayed-stream": "0.0.5"
      },
      "engines": {
        "node": "*"
      }
    },
    "node_modules/npm/node_modules/request/node_modules/form-data/node_modules/combined-stream/node_modules/delayed-stream": {
      "version": "0.0.5",
      "inBundle": true,
      "optional": true,
      "engines": {
        "node": ">=0.4.0"
      }
    },
    "node_modules/npm/node_modules/request/node_modules/hawk": {
      "version": "1.0.0",
      "inBundle": true,
      "optional": true,
      "dependencies": {
        "boom": "0.4.x",
        "cryptiles": "0.2.x",
        "hoek": "0.9.x",
        "sntp": "0.2.x"
      },
      "engines": {
        "node": ">=0.8.0"
      }
    },
    "node_modules/npm/node_modules/request/node_modules/hawk/node_modules/boom": {
      "version": "0.4.2",
      "inBundle": true,
      "optional": true,
      "dependencies": {
        "hoek": "0.9.x"
      },
      "engines": {
        "node": ">=0.8.0"
      }
    },
    "node_modules/npm/node_modules/request/node_modules/hawk/node_modules/cryptiles": {
      "version": "0.2.2",
      "inBundle": true,
      "optional": true,
      "dependencies": {
        "boom": "0.4.x"
      },
      "engines": {
        "node": ">=0.8.0"
      }
    },
    "node_modules/npm/node_modules/request/node_modules/hawk/node_modules/hoek": {
      "version": "0.9.1",
      "inBundle": true,
      "optional": true,
      "engines": {
        "node": ">=0.8.0"
      }
    },
    "node_modules/npm/node_modules/request/node_modules/hawk/node_modules/sntp": {
      "version": "0.2.4",
      "inBundle": true,
      "optional": true,
      "dependencies": {
        "hoek": "0.9.x"
      },
      "engines": {
        "node": ">=0.8.0"
      }
    },
    "node_modules/npm/node_modules/request/node_modules/http-signature": {
      "version": "0.10.0",
      "inBundle": true,
      "optional": true,
      "dependencies": {
        "asn1": "0.1.11",
        "assert-plus": "0.1.2",
        "ctype": "0.5.2"
      },
      "engines": {
        "node": ">=0.8"
      }
    },
    "node_modules/npm/node_modules/request/node_modules/http-signature/node_modules/asn1": {
      "version": "0.1.11",
      "inBundle": true,
      "optional": true,
      "engines": {
        "node": ">=0.4.9"
      }
    },
    "node_modules/npm/node_modules/request/node_modules/http-signature/node_modules/assert-plus": {
      "version": "0.1.2",
      "inBundle": true,
      "optional": true,
      "engines": {
        "node": ">=0.6"
      }
    },
    "node_modules/npm/node_modules/request/node_modules/http-signature/node_modules/ctype": {
      "version": "0.5.2",
      "inBundle": true,
      "optional": true,
      "engines": {
        "node": ">= 0.4"
      }
    },
    "node_modules/npm/node_modules/request/node_modules/json-stringify-safe": {
      "version": "5.0.0",
      "inBundle": true,
      "license": "BSD"
    },
    "node_modules/npm/node_modules/request/node_modules/mime": {
      "version": "1.2.11",
      "inBundle": true
    },
    "node_modules/npm/node_modules/request/node_modules/node-uuid": {
      "version": "1.4.1",
      "inBundle": true
    },
    "node_modules/npm/node_modules/request/node_modules/oauth-sign": {
      "version": "0.3.0",
      "inBundle": true,
      "optional": true,
      "engines": {
        "node": "*"
      }
    },
    "node_modules/npm/node_modules/request/node_modules/qs": {
      "version": "0.6.6",
      "inBundle": true,
      "engines": {
        "node": "*"
      }
    },
    "node_modules/npm/node_modules/request/node_modules/tough-cookie": {
      "version": "0.9.15",
      "inBundle": true,
      "optional": true,
      "dependencies": {
        "punycode": ">=0.2.0"
      },
      "engines": {
        "node": ">=0.4.12"
      }
    },
    "node_modules/npm/node_modules/request/node_modules/tough-cookie/node_modules/punycode": {
      "version": "1.2.3",
      "engines": [
        "node",
        "rhino"
      ],
      "inBundle": true,
      "optional": true
    },
    "node_modules/npm/node_modules/request/node_modules/tunnel-agent": {
      "version": "0.3.0",
      "inBundle": true,
      "optional": true,
      "engines": {
        "node": "*"
      }
    },
    "node_modules/npm/node_modules/retry": {
      "version": "0.6.0",
      "inBundle": true,
      "engines": {
        "node": "*"
      }
    },
    "node_modules/npm/node_modules/rimraf": {
      "version": "2.2.6",
      "inBundle": true,
      "license": "MIT",
      "bin": {
        "rimraf": "bin.js"
      }
    },
    "node_modules/npm/node_modules/semver": {
      "version": "2.2.1",
      "inBundle": true,
      "license": "BSD",
      "bin": {
        "semver": "bin/semver"
      }
    },
    "node_modules/npm/node_modules/sha": {
      "version": "1.2.3",
      "inBundle": true,
      "license": "BSD",
      "optionalDependencies": {
        "graceful-fs": "2",
        "readable-stream": "1.0"
      }
    },
    "node_modules/npm/node_modules/sha/node_modules/readable-stream": {
      "version": "1.0.24",
      "inBundle": true,
      "license": "BSD",
      "optional": true
    },
    "node_modules/npm/node_modules/slide": {
      "version": "1.1.5",
      "inBundle": true,
      "license": "ISC",
      "engines": {
        "node": "*"
      }
    },
    "node_modules/npm/node_modules/tar": {
      "version": "0.1.19",
      "inBundle": true,
      "license": "BSD",
      "dependencies": {
        "block-stream": "*",
        "fstream": "~0.1.8",
        "inherits": "2"
      }
    },
    "node_modules/npm/node_modules/text-table": {
      "version": "0.2.0",
      "inBundle": true,
      "license": "MIT"
    },
    "node_modules/npm/node_modules/uid-number": {
      "version": "0.0.3",
      "inBundle": true,
      "license": "BSD",
      "engines": {
        "node": "*"
      }
    },
    "node_modules/npm/node_modules/which": {
      "version": "1.0.5",
      "inBundle": true,
      "bin": {
        "which": "bin/which"
      },
      "engines": {
        "node": "*"
      }
    },
    "node_modules/npmview": {
      "version": "0.0.4",
      "resolved": "https://registry.npmjs.org/npmview/-/npmview-0.0.4.tgz",
      "integrity": "sha1-HswKTg5gRCLqyyV19OGen3du2c4=",
      "dependencies": {
        "async-err": "0.0.2",
        "have": "0.2.3",
        "npm": "1.3.26",
        "semver": "2.2.1"
      }
    },
    "node_modules/npmview/node_modules/semver": {
      "version": "2.2.1",
      "resolved": "https://registry.npmjs.org/semver/-/semver-2.2.1.tgz",
      "integrity": "sha1-eUEYKz/8xYC/8cF5QqzfeVHA0hM=",
      "bin": {
        "semver": "bin/semver"
      }
    },
    "node_modules/semver": {
      "version": "7.3.5",
      "resolved": "https://registry.npmjs.org/semver/-/semver-7.3.5.tgz",
      "integrity": "sha512-PoeGJYh8HK4BTO/a9Tf6ZG3veo/A7ZVsYrSA6J8ny9nb3B1VrpkuN+z9OE5wfE5p6H4LchYZsegiQgbJD94ZFQ==",
      "dependencies": {
        "lru-cache": "^6.0.0"
      },
      "bin": {
        "semver": "bin/semver.js"
      },
      "engines": {
        "node": ">=10"
      }
    },
    "node_modules/yallist": {
      "version": "4.0.0",
      "resolved": "https://registry.npmjs.org/yallist/-/yallist-4.0.0.tgz",
      "integrity": "sha512-3wdGidZyq5PB084XLES5TpOSRA3wjXAlIWMhum2kRcv/41Sn2emQ0dycQW4uZXLejwKvg6EsvbdlVL+FYEct7A=="
    }
  },
  "dependencies": {
    "@types/node": {
      "version": "17.0.21",
      "resolved": "https://registry.npmjs.org/@types/node/-/node-17.0.21.tgz",
      "integrity": "sha512-DBZCJbhII3r90XbQxI8Y9IjjiiOGlZ0Hr32omXIZvwwZ7p4DMMXGrKXVyPfuoBOri9XNtL0UK69jYIBIsRX3QQ==",
      "dev": true
    },
    "async-err": {
      "version": "0.0.2",
      "resolved": "https://registry.npmjs.org/async-err/-/async-err-0.0.2.tgz",
      "integrity": "sha1-JUa8q7CVSg+GaO/GS6jLybEM2/s=",
      "requires": {
        "debug": "0.7.4",
        "is2": "0.0.12"
      }
    },
    "debug": {
      "version": "0.7.4",
      "resolved": "https://registry.npmjs.org/debug/-/debug-0.7.4.tgz",
      "integrity": "sha1-BuHqgILCyxTjmAbiLi9vdX+Srzk="
    },
    "deep-is": {
      "version": "0.1.2",
      "resolved": "https://registry.npmjs.org/deep-is/-/deep-is-0.1.2.tgz",
      "integrity": "sha1-nO1l6gvAsJ9CptecGxkD+dkTzBg="
    },
    "have": {
      "version": "0.2.3",
      "resolved": "https://registry.npmjs.org/have/-/have-0.2.3.tgz",
      "integrity": "sha1-iFgJ/FdV910SCFj7w3C4MB1BmlU="
    },
    "is2": {
      "version": "0.0.12",
      "resolved": "https://registry.npmjs.org/is2/-/is2-0.0.12.tgz",
      "integrity": "sha1-zriH9RakgtAn53EP21fA/9kp8Nc=",
      "requires": {
        "deep-is": "0.1.2"
      }
    },
    "lru-cache": {
      "version": "6.0.0",
      "resolved": "https://registry.npmjs.org/lru-cache/-/lru-cache-6.0.0.tgz",
      "integrity": "sha512-Jo6dJ04CmSjuznwJSS3pUeWmd/H0ffTlkXXgwZi+eq1UCmqQwCh+eLsYOYCwY991i2Fah4h1BEMCx4qThGbsiA==",
      "requires": {
        "yallist": "^4.0.0"
      }
    },
    "npm": {
      "version": "1.3.26",
      "resolved": "https://registry.npmjs.org/npm/-/npm-1.3.26.tgz",
      "integrity": "sha1-vAe/fLWHEAeBQciFwtSS/VcPYG0=",
      "requires": {
        "abbrev": "~1.0.4",
        "ansi": "~0.2.1",
        "ansicolors": "~0.3.2",
        "ansistyles": "~0.1.3",
        "archy": "0",
        "block-stream": "0.0.7",
        "child-process-close": "~0.1.1",
        "chmodr": "~0.1.0",
        "chownr": "0",
        "cmd-shim": "~1.1.1",
        "columnify": "0.1.2",
        "editor": "0.0.5",
        "fstream": "~0.1.25",
        "fstream-npm": "~0.1.6",
        "github-url-from-git": "1.1.1",
        "github-url-from-username-repo": "0.0.2",
        "glob": "~3.2.6",
        "graceful-fs": "~2.0.0",
        "ini": "~1.1.0",
        "init-package-json": "0.0.14",
        "lockfile": "~0.4.0",
        "lru-cache": "~2.5.0",
        "minimatch": "~0.2.14",
        "mkdirp": "~0.3.5",
        "node-gyp": "~0.12.2",
        "nopt": "~2.1.2",
        "npm-registry-client": "~0.3.5",
        "npm-user-validate": "0.0.3",
        "npmconf": "~0.1.12",
        "npmlog": "0.0.6",
        "once": "~1.3.0",
        "opener": "~1.3.0",
        "osenv": "0",
        "path-is-inside": "~1.0.0",
        "read": "~1.0.4",
        "read-installed": "~0.2.2",
        "read-package-json": "~1.1.6",
        "request": "~2.30.0",
        "retry": "~0.6.0",
        "rimraf": "~2.2.5",
        "semver": "~2.2.1",
        "sha": "~1.2.1",
        "slide": "~1.1.5",
        "tar": "~0.1.19",
        "text-table": "~0.2.0",
        "uid-number": "0",
        "which": "1"
      },
      "dependencies": {
        "abbrev": {
          "version": "1.0.4",
          "bundled": true
        },
        "ansi": {
          "version": "0.2.1",
          "bundled": true
        },
        "ansicolors": {
          "version": "0.3.2",
          "bundled": true
        },
        "ansistyles": {
          "version": "0.1.3",
          "bundled": true
        },
        "archy": {
          "version": "0.0.2",
          "bundled": true
        },
        "block-stream": {
          "version": "0.0.7",
          "bundled": true,
          "requires": {
            "inherits": "~2.0.0"
          }
        },
        "child-process-close": {
          "version": "0.1.1",
          "bundled": true
        },
        "chmodr": {
          "version": "0.1.0",
          "bundled": true
        },
        "chownr": {
          "version": "0.0.1",
          "bundled": true
        },
        "cmd-shim": {
          "version": "1.1.1",
          "bundled": true,
          "requires": {
            "graceful-fs": "2",
            "mkdirp": "~0.3.3"
          }
        },
        "columnify": {
          "version": "0.1.2",
          "bundled": true
        },
        "editor": {
          "version": "0.0.5",
          "bundled": true
        },
        "fstream": {
          "version": "0.1.25",
          "bundled": true,
          "requires": {
            "graceful-fs": "~2.0.0",
            "inherits": "~2.0.0",
            "mkdirp": "0.3",
            "rimraf": "2"
          }
        },
        "fstream-npm": {
          "version": "0.1.6",
          "bundled": true,
          "requires": {
            "fstream-ignore": "~0.0.5",
            "inherits": "2"
          },
          "dependencies": {
            "fstream-ignore": {
              "version": "0.0.7",
              "bundled": true,
              "requires": {
                "fstream": "~0.1.17",
                "inherits": "2",
                "minimatch": "~0.2.0"
              }
            }
          }
        },
        "github-url-from-git": {
          "version": "1.1.1",
          "bundled": true
        },
        "github-url-from-username-repo": {
          "version": "0.0.2",
          "bundled": true
        },
        "glob": {
          "version": "3.2.7",
          "bundled": true,
          "requires": {
            "inherits": "2",
            "minimatch": "~0.2.11"
          }
        },
        "graceful-fs": {
          "version": "2.0.1",
          "bundled": true
        },
        "inherits": {
          "version": "2.0.1",
          "bundled": true
        },
        "ini": {
          "version": "1.1.0",
          "bundled": true
        },
        "init-package-json": {
          "version": "0.0.14",
          "bundled": true,
          "requires": {
            "glob": "~3.2.7",
            "promzard": "~0.2.0",
            "read": "~1.0.1",
            "read-package-json": "1",
            "semver": "2.x"
          },
          "dependencies": {
            "promzard": {
              "version": "0.2.1",
              "bundled": true,
              "requires": {
                "read": "1"
              }
            }
          }
        },
        "lockfile": {
          "version": "0.4.2",
          "bundled": true
        },
        "lru-cache": {
          "version": "2.5.0",
          "bundled": true
        },
        "minimatch": {
          "version": "0.2.14",
          "bundled": true,
          "requires": {
            "lru-cache": "2",
            "sigmund": "~1.0.0"
          },
          "dependencies": {
            "sigmund": {
              "version": "1.0.0",
              "bundled": true
            }
          }
        },
        "mkdirp": {
          "version": "0.3.5",
          "bundled": true
        },
        "node-gyp": {
          "version": "0.12.2",
          "bundled": true,
          "requires": {
            "fstream": "0",
            "glob": "3",
            "graceful-fs": "2",
            "minimatch": "0",
            "mkdirp": "0",
            "nopt": "2",
            "npmlog": "0",
            "osenv": "0",
            "request": "2",
            "rimraf": "2",
            "semver": "~2.2.1",
            "tar": "0",
            "which": "1"
          }
        },
        "nopt": {
          "version": "2.1.2",
          "bundled": true,
          "requires": {
            "abbrev": "1"
          }
        },
        "npm-registry-client": {
          "version": "0.3.5",
          "bundled": true,
          "requires": {
            "chownr": "0",
            "couch-login": "~0.1.18",
            "graceful-fs": "~2.0.0",
            "mkdirp": "~0.3.3",
            "npmlog": "",
            "request": "2 >=2.25.0",
            "retry": "0.6.0",
            "rimraf": "~2",
            "semver": "^2.2.1",
            "slide": "~1.1.3"
          },
          "dependencies": {
            "couch-login": {
              "version": "0.1.20",
              "bundled": true,
              "requires": {
                "request": "2 >=2.25.0"
              }
            }
          }
        },
        "npm-user-validate": {
          "version": "0.0.3",
          "bundled": true
        },
        "npmconf": {
          "version": "0.1.12",
          "bundled": true,
          "requires": {
            "config-chain": "~1.1.8",
            "inherits": "~2.0.0",
            "ini": "~1.1.0",
            "mkdirp": "~0.3.3",
            "nopt": "2",
            "once": "~1.3.0",
            "osenv": "0.0.3",
            "semver": "2"
          },
          "dependencies": {
            "config-chain": {
              "version": "1.1.8",
              "bundled": true,
              "requires": {
                "ini": "1",
                "proto-list": "~1.2.1"
              },
              "dependencies": {
                "proto-list": {
                  "version": "1.2.2",
                  "bundled": true
                }
              }
            }
          }
        },
        "npmlog": {
          "version": "0.0.6",
          "bundled": true,
          "requires": {
            "ansi": "~0.2.1"
          }
        },
        "once": {
          "version": "1.3.0",
          "bundled": true
        },
        "opener": {
          "version": "1.3.0",
          "bundled": true
        },
        "osenv": {
          "version": "0.0.3",
          "bundled": true
        },
        "path-is-inside": {
          "version": "1.0.0",
          "bundled": true
        },
        "read": {
          "version": "1.0.5",
          "bundled": true,
          "requires": {
            "mute-stream": "~0.0.4"
          },
          "dependencies": {
            "mute-stream": {
              "version": "0.0.4",
              "bundled": true
            }
          }
        },
        "read-installed": {
          "version": "0.2.5",
          "bundled": true,
          "requires": {
            "graceful-fs": "~2",
            "read-package-json": "1",
            "semver": "2",
            "slide": "~1.1.3"
          }
        },
        "read-package-json": {
          "version": "1.1.6",
          "bundled": true,
          "requires": {
            "glob": "~3.2.1",
            "graceful-fs": "2",
            "lru-cache": "2",
            "normalize-package-data": "~0.2.7"
          },
          "dependencies": {
            "normalize-package-data": {
              "version": "0.2.8",
              "bundled": true,
              "requires": {
                "github-url-from-git": "~1.1.1",
                "github-url-from-username-repo": "0.0.2",
                "semver": "2"
              }
            }
          }
        },
        "request": {
          "version": "2.30.0",
          "bundled": true,
          "requires": {
            "aws-sign2": "~0.5.0",
            "forever-agent": "~0.5.0",
            "form-data": "~0.1.0",
            "hawk": "~1.0.0",
            "http-signature": "~0.10.0",
            "json-stringify-safe": "~5.0.0",
            "mime": "~1.2.9",
            "node-uuid": "~1.4.0",
            "oauth-sign": "~0.3.0",
            "qs": "~0.6.0",
            "tough-cookie": "~0.9.15",
            "tunnel-agent": "~0.3.0"
          },
          "dependencies": {
            "aws-sign2": {
              "version": "0.5.0",
              "bundled": true,
              "optional": true
            },
            "forever-agent": {
              "version": "0.5.0",
              "bundled": true
            },
            "form-data": {
              "version": "0.1.2",
              "bundled": true,
              "optional": true,
              "requires": {
                "async": "~0.2.9",
                "combined-stream": "~0.0.4",
                "mime": "~1.2.11"
              },
              "dependencies": {
                "async": {
                  "version": "0.2.9",
                  "bundled": true,
                  "optional": true
                },
                "combined-stream": {
                  "version": "0.0.4",
                  "bundled": true,
                  "optional": true,
                  "requires": {
                    "delayed-stream": "0.0.5"
                  },
                  "dependencies": {
                    "delayed-stream": {
                      "version": "0.0.5",
                      "bundled": true,
                      "optional": true
                    }
                  }
                }
              }
            },
            "hawk": {
              "version": "1.0.0",
              "bundled": true,
              "optional": true,
              "requires": {
                "boom": "0.4.x",
                "cryptiles": "0.2.x",
                "hoek": "0.9.x",
                "sntp": "0.2.x"
              },
              "dependencies": {
                "boom": {
                  "version": "0.4.2",
                  "bundled": true,
                  "optional": true,
                  "requires": {
                    "hoek": "0.9.x"
                  }
                },
                "cryptiles": {
                  "version": "0.2.2",
                  "bundled": true,
                  "optional": true,
                  "requires": {
                    "boom": "0.4.x"
                  }
                },
                "hoek": {
                  "version": "0.9.1",
                  "bundled": true,
                  "optional": true
                },
                "sntp": {
                  "version": "0.2.4",
                  "bundled": true,
                  "optional": true,
                  "requires": {
                    "hoek": "0.9.x"
                  }
                }
              }
            },
            "http-signature": {
              "version": "0.10.0",
              "bundled": true,
              "optional": true,
              "requires": {
                "asn1": "0.1.11",
                "assert-plus": "0.1.2",
                "ctype": "0.5.2"
              },
              "dependencies": {
                "asn1": {
                  "version": "0.1.11",
                  "bundled": true,
                  "optional": true
                },
                "assert-plus": {
                  "version": "0.1.2",
                  "bundled": true,
                  "optional": true
                },
                "ctype": {
                  "version": "0.5.2",
                  "bundled": true,
                  "optional": true
                }
              }
            },
            "json-stringify-safe": {
              "version": "5.0.0",
              "bundled": true
            },
            "mime": {
              "version": "1.2.11",
              "bundled": true
            },
            "node-uuid": {
              "version": "1.4.1",
              "bundled": true
            },
            "oauth-sign": {
              "version": "0.3.0",
              "bundled": true,
              "optional": true
            },
            "qs": {
              "version": "0.6.6",
              "bundled": true
            },
            "tough-cookie": {
              "version": "0.9.15",
              "bundled": true,
              "optional": true,
              "requires": {
                "punycode": ">=0.2.0"
              },
              "dependencies": {
                "punycode": {
                  "version": "1.2.3",
                  "bundled": true,
                  "optional": true
                }
              }
            },
            "tunnel-agent": {
              "version": "0.3.0",
              "bundled": true,
              "optional": true
            }
          }
        },
        "retry": {
          "version": "0.6.0",
          "bundled": true
        },
        "rimraf": {
          "version": "2.2.6",
          "bundled": true
        },
        "semver": {
          "version": "2.2.1",
          "bundled": true
        },
        "sha": {
          "version": "1.2.3",
          "bundled": true,
          "requires": {
            "graceful-fs": "2",
            "readable-stream": "1.0"
          },
          "dependencies": {
            "readable-stream": {
              "version": "1.0.24",
              "bundled": true,
              "optional": true
            }
          }
        },
        "slide": {
          "version": "1.1.5",
          "bundled": true
        },
        "tar": {
          "version": "0.1.19",
          "bundled": true,
          "requires": {
            "block-stream": "*",
            "fstream": "~0.1.8",
            "inherits": "2"
          }
        },
        "text-table": {
          "version": "0.2.0",
          "bundled": true
        },
        "uid-number": {
          "version": "0.0.3",
          "bundled": true
        },
        "which": {
          "version": "1.0.5",
          "bundled": true
        }
      }
    },
    "npmview": {
      "version": "0.0.4",
      "resolved": "https://registry.npmjs.org/npmview/-/npmview-0.0.4.tgz",
      "integrity": "sha1-HswKTg5gRCLqyyV19OGen3du2c4=",
      "requires": {
        "async-err": "0.0.2",
        "have": "0.2.3",
        "npm": "1.3.26",
        "semver": "2.2.1"
      },
      "dependencies": {
        "semver": {
          "version": "2.2.1",
          "resolved": "https://registry.npmjs.org/semver/-/semver-2.2.1.tgz",
          "integrity": "sha1-eUEYKz/8xYC/8cF5QqzfeVHA0hM="
        }
      }
    },
    "semver": {
      "version": "7.3.5",
      "resolved": "https://registry.npmjs.org/semver/-/semver-7.3.5.tgz",
      "integrity": "sha512-PoeGJYh8HK4BTO/a9Tf6ZG3veo/A7ZVsYrSA6J8ny9nb3B1VrpkuN+z9OE5wfE5p6H4LchYZsegiQgbJD94ZFQ==",
      "requires": {
        "lru-cache": "^6.0.0"
      }
    },
    "yallist": {
      "version": "4.0.0",
      "resolved": "https://registry.npmjs.org/yallist/-/yallist-4.0.0.tgz",
      "integrity": "sha512-3wdGidZyq5PB084XLES5TpOSRA3wjXAlIWMhum2kRcv/41Sn2emQ0dycQW4uZXLejwKvg6EsvbdlVL+FYEct7A=="
    }
  }
}
